{
  "name": "liverepl",
  "version": "0.1.0",
  "lockfileVersion": 3,
  "requires": true,
  "packages": {
    "": {
      "name": "liverepl",
      "version": "0.1.0",
      "devDependencies": {},
      "peerDependencies": {
        "@xterm/xterm": "*",
        "phoenix": "*",
        "phoenix_html": "*",
        "phoenix_live_view": "*"
      }
    },
    "node_modules/@xterm/xterm": {
      "version": "6.0.0",
      "resolved": "https://registry.npmjs.org/@xterm/xterm/-/xterm-6.0.0.tgz",
      "integrity": "sha512-TQwDdQGtwwDt+2cgKDLn0IRaSxYu1tSUjgKarSDkUM0ZNiSRXFpjxEsvc/Zgc5kq5omJ+V0a8/kIM2WD3sMOYg==",
      "license": "MIT",
      "peer": true,
      "workspaces": [
        "addons/*"
      ]
    },
    "node_modules/morphdom": {
      "version": "2.7.8",
      "resolved": "https://registry.npmjs.org/morphdom/-/morphdom-2.7.8.tgz",
      "integrity": "sha512-D/fR4xgGUyVRbdMGU6Nejea1RFzYxYtyurG4Fbv2Fi/daKlWKuXGLOdXtl+3eIwL110cI2hz1ZojGICjjFLgTg==",
      "license": "MIT"
    },
    "node_modules/phoenix": {
      "version": "1.8.5",
      "resolved": "https://registry.npmjs.org/phoenix/-/phoenix-1.8.5.tgz",
      "integrity": "sha512-Oj5nlRV/NKXkjBx8uMgCMmgMf1twd/B2qOcO30cHLH1PCGR8149o4T1lRIaqN4nq2KQJAeMqPiLdh1Asd0wQFg==",
      "license": "MIT",
      "peer": true
    },
    "node_modules/phoenix_html": {
      "version": "4.3.0",
      "resolved": "https://registry.npmjs.org/phoenix_html/-/phoenix_html-4.3.0.tgz",
      "integrity": "sha512-6vnR2Y7KxEPX1DdN59AuO98TTFtsYBqfUiUOo3NY6vyVp3o94RTawdaKtELFOKfiUD7LCEclBcpCltJM2GWuKw==",
      "peer": true
    },
    "node_modules/phoenix_live_view": {
      "version": "1.1.27",
      "resolved": "https://registry.npmjs.org/phoenix_live_view/-/phoenix_live_view-1.1.27.tgz",
      "integrity": "sha512-oJKme4Hdy9EbSumkznCLNax8opJr0sTd3Yv3EIEezV4BTls+euCvWi3UDdReh+ss6hVwR0KvKQkGXw6XbWXPbA==",
      "license": "MIT",
      "peer": true,
      "dependencies": {
        "morphdom": "2.7.8"
      }
    }
  }
}
